
Microsoft Visual Studio Solution File, Format Version 12.00
# Visual Studio Version 16
VisualStudioVersion = 16.0.31402.337
MinimumVisualStudioVersion = 10.0.40219.1
Project("{FAE04EC0-301F-11D3-BF4B-00C04F79EFBC}") = "GraphDistance", "GraphDistance\GraphDistance.csproj", "{6CE205AB-9E82-406D-9541-21309C34FA31}"
EndProject
Project("{FAE04EC0-301F-11D3-BF4B-00C04F79EFBC}") = "GraphLibrary", "GraphLibrary\GraphLibrary.csproj", "{A3C67B9E-2E70-4FC4-9FE4-B670DFE71BE2}"
EndProject
Project("{FAE04EC0-301F-11D3-BF4B-00C04F79EFBC}") = "GraphLibraryTests", "GraphLibraryTests\GraphLibraryTests.csproj", "{0635C28B-576E-49F6-8A37-0A2C179C6984}"
EndProject
Global
	GlobalSection(SolutionConfigurationPlatforms) = preSolution
		Debug|Any CPU = Debug|Any CPU
		Release|Any CPU = Release|Any CPU
	EndGlobalSection
	GlobalSection(ProjectConfigurationPlatforms) = postSolution
		{6CE205AB-9E82-406D-9541-21309C34FA31}.Debug|Any CPU.ActiveCfg = Debug|Any CPU
		{6CE205AB-9E82-406D-9541-21309C34FA31}.Debug|Any CPU.Build.0 = Debug|Any CPU
		{6CE205AB-9E82-406D-9541-21309C34FA31}.Release|Any CPU.ActiveCfg = Release|Any CPU
		{6CE205AB-9E82-406D-9541-21309C34FA31}.Release|Any CPU.Build.0 = Release|Any CPU
		{A3C67B9E-2E70-4FC4-9FE4-B670DFE71BE2}.Debug|Any CPU.ActiveCfg = Debug|Any CPU
		{A3C67B9E-2E70-4FC4-9FE4-B670DFE71BE2}.Debug|Any CPU.Build.0 = Debug|Any CPU
		{A3C67B9E-2E70-4FC4-9FE4-B670DFE71BE2}.Release|Any CPU.ActiveCfg = Release|Any CPU
		{A3C67B9E-2E70-4FC4-9FE4-B670DFE71BE2}.Release|Any CPU.Build.0 = Release|Any CPU
		{0635C28B-576E-49F6-8A37-0A2C179C6984}.Debug|Any CPU.ActiveCfg = Debug|Any CPU
		{0635C28B-576E-49F6-8A37-0A2C179C6984}.Debug|Any CPU.Build.0 = Debug|Any CPU
		{0635C28B-576E-49F6-8A37-0A2C179C6984}.Release|Any CPU.ActiveCfg = Release|Any CPU
		{0635C28B-576E-49F6-8A37-0A2C179C6984}.Release|Any CPU.Build.0 = Release|Any CPU
	EndGlobalSection
	GlobalSection(SolutionProperties) = preSolution
		HideSolutionNode = FALSE
	EndGlobalSection
	GlobalSection(ExtensibilityGlobals) = postSolution
		SolutionGuid = {AC1E952D-6A53-4006-87E0-1C882DA68768}
	EndGlobalSection
EndGlobal
